
Microsoft Visual Studio Solution File, Format Version 12.00
# Visual Studio 2017
Project("{FAE04EC0-301F-11D3-BF4B-00C04F79EFBC}") = "commondlinetest", "commondlinetest.csproj", "{21C9590D-903B-7819-4A74-8ACA4B42D408}"
EndProject
Project("{FAE04EC0-301F-11D3-BF4B-00C04F79EFBC}") = "commondlinetest.Editor", "commondlinetest.Editor.csproj", "{DAC49B8E-5714-2C78-E72E-3DEDF77E6075}"
EndProject
Global
	GlobalSection(SolutionConfigurationPlatforms) = preSolution
		Debug|Any CPU = Debug|Any CPU
		Release|Any CPU = Release|Any CPU
	EndGlobalSection
	GlobalSection(ProjectConfigurationPlatforms) = postSolution
		{21C9590D-903B-7819-4A74-8ACA4B42D408}.Debug|Any CPU.ActiveCfg = Debug|Any CPU
		{21C9590D-903B-7819-4A74-8ACA4B42D408}.Debug|Any CPU.Build.0 = Debug|Any CPU
		{21C9590D-903B-7819-4A74-8ACA4B42D408}.Release|Any CPU.ActiveCfg = Release|Any CPU
		{21C9590D-903B-7819-4A74-8ACA4B42D408}.Release|Any CPU.Build.0 = Release|Any CPU
		{DAC49B8E-5714-2C78-E72E-3DEDF77E6075}.Debug|Any CPU.ActiveCfg = Debug|Any CPU
		{DAC49B8E-5714-2C78-E72E-3DEDF77E6075}.Debug|Any CPU.Build.0 = Debug|Any CPU
		{DAC49B8E-5714-2C78-E72E-3DEDF77E6075}.Release|Any CPU.ActiveCfg = Release|Any CPU
		{DAC49B8E-5714-2C78-E72E-3DEDF77E6075}.Release|Any CPU.Build.0 = Release|Any CPU
	EndGlobalSection
	GlobalSection(SolutionProperties) = preSolution
		HideSolutionNode = FALSE
	EndGlobalSection
EndGlobal
